
Microsoft Visual Studio Solution File, Format Version 12.00
# Visual Studio 15
VisualStudioVersion = 15.0.27004.2009
MinimumVisualStudioVersion = 10.0.40219.1
Project("{FAE04EC0-301F-11D3-BF4B-00C04F79EFBC}") = "Lab_01_01", "Lab_01_01\Lab_01_01.csproj", "{5D8E18A6-D3BD-48ED-B685-E1473CEC5DCA}"
EndProject
Project("{FAE04EC0-301F-11D3-BF4B-00C04F79EFBC}") = "Lab_01_02", "Lab_01_02\Lab_01_02.csproj", "{73106E17-A279-452E-8BB7-A32B3957F7A4}"
EndProject
Project("{2150E333-8FDC-42A3-9474-1A3956D46DE8}") = "Lab_01", "Lab_01", "{5C879122-77EC-4013-B34F-6B5A1EBA98DC}"
EndProject
Project("{2150E333-8FDC-42A3-9474-1A3956D46DE8}") = "Lab_02", "Lab_02", "{3C47463E-7BE3-4127-82AF-6D78874FB9DF}"
EndProject
Project("{FAE04EC0-301F-11D3-BF4B-00C04F79EFBC}") = "Lab_02_01", "Lab_02_01\Lab_02_01.csproj", "{F8A4DB4B-9D05-4B3F-AF53-C7B6DAF5242D}"
EndProject
Project("{2150E333-8FDC-42A3-9474-1A3956D46DE8}") = "Lab_03", "Lab_03", "{BD26F39F-68B7-44AE-AB64-EA11E0A81F12}"
EndProject
Project("{FAE04EC0-301F-11D3-BF4B-00C04F79EFBC}") = "Lab_03_01", "Lab_03_01\Lab_03_01.csproj", "{6552B38E-004A-4C99-835F-7E3799961505}"
EndProject
Project("{FAE04EC0-301F-11D3-BF4B-00C04F79EFBC}") = "ControlLibrary", "ControlLibrary\ControlLibrary.csproj", "{5FECBA62-194D-4CE7-8EF1-81BC72F1ED33}"
EndProject
Project("{2150E333-8FDC-42A3-9474-1A3956D46DE8}") = "Lab_05", "Lab_05", "{478DF238-D4C9-4166-82A1-70E602BECEF8}"
EndProject
Project("{FAE04EC0-301F-11D3-BF4B-00C04F79EFBC}") = "Lab_05_01", "Lab_05_01\Lab_05_01.csproj", "{547AADC5-9467-416D-BE90-A81E33DA5D7B}"
EndProject
Project("{2150E333-8FDC-42A3-9474-1A3956D46DE8}") = "Lab_06", "Lab_06", "{2EBEA92E-4B9F-4F30-A68B-BEE81DA89F3C}"
EndProject
Project("{FAE04EC0-301F-11D3-BF4B-00C04F79EFBC}") = "Lab_06_01", "Lab_06_01\Lab_06_01.csproj", "{481B85E3-E8DC-4E1B-B508-267272568C9F}"
EndProject
Global
	GlobalSection(SolutionConfigurationPlatforms) = preSolution
		Debug|Any CPU = Debug|Any CPU
		Release|Any CPU = Release|Any CPU
	EndGlobalSection
	GlobalSection(ProjectConfigurationPlatforms) = postSolution
		{5D8E18A6-D3BD-48ED-B685-E1473CEC5DCA}.Debug|Any CPU.ActiveCfg = Debug|Any CPU
		{5D8E18A6-D3BD-48ED-B685-E1473CEC5DCA}.Debug|Any CPU.Build.0 = Debug|Any CPU
		{5D8E18A6-D3BD-48ED-B685-E1473CEC5DCA}.Release|Any CPU.ActiveCfg = Release|Any CPU
		{5D8E18A6-D3BD-48ED-B685-E1473CEC5DCA}.Release|Any CPU.Build.0 = Release|Any CPU
		{73106E17-A279-452E-8BB7-A32B3957F7A4}.Debug|Any CPU.ActiveCfg = Debug|Any CPU
		{73106E17-A279-452E-8BB7-A32B3957F7A4}.Debug|Any CPU.Build.0 = Debug|Any CPU
		{73106E17-A279-452E-8BB7-A32B3957F7A4}.Release|Any CPU.ActiveCfg = Release|Any CPU
		{73106E17-A279-452E-8BB7-A32B3957F7A4}.Release|Any CPU.Build.0 = Release|Any CPU
		{F8A4DB4B-9D05-4B3F-AF53-C7B6DAF5242D}.Debug|Any CPU.ActiveCfg = Debug|Any CPU
		{F8A4DB4B-9D05-4B3F-AF53-C7B6DAF5242D}.Debug|Any CPU.Build.0 = Debug|Any CPU
		{F8A4DB4B-9D05-4B3F-AF53-C7B6DAF5242D}.Release|Any CPU.ActiveCfg = Release|Any CPU
		{F8A4DB4B-9D05-4B3F-AF53-C7B6DAF5242D}.Release|Any CPU.Build.0 = Release|Any CPU
		{6552B38E-004A-4C99-835F-7E3799961505}.Debug|Any CPU.ActiveCfg = Debug|Any CPU
		{6552B38E-004A-4C99-835F-7E3799961505}.Debug|Any CPU.Build.0 = Debug|Any CPU
		{6552B38E-004A-4C99-835F-7E3799961505}.Release|Any CPU.ActiveCfg = Release|Any CPU
		{6552B38E-004A-4C99-835F-7E3799961505}.Release|Any CPU.Build.0 = Release|Any CPU
		{5FECBA62-194D-4CE7-8EF1-81BC72F1ED33}.Debug|Any CPU.ActiveCfg = Debug|Any CPU
		{5FECBA62-194D-4CE7-8EF1-81BC72F1ED33}.Debug|Any CPU.Build.0 = Debug|Any CPU
		{5FECBA62-194D-4CE7-8EF1-81BC72F1ED33}.Release|Any CPU.ActiveCfg = Release|Any CPU
		{5FECBA62-194D-4CE7-8EF1-81BC72F1ED33}.Release|Any CPU.Build.0 = Release|Any CPU
		{547AADC5-9467-416D-BE90-A81E33DA5D7B}.Debug|Any CPU.ActiveCfg = Debug|Any CPU
		{547AADC5-9467-416D-BE90-A81E33DA5D7B}.Debug|Any CPU.Build.0 = Debug|Any CPU
		{547AADC5-9467-416D-BE90-A81E33DA5D7B}.Release|Any CPU.ActiveCfg = Release|Any CPU
		{547AADC5-9467-416D-BE90-A81E33DA5D7B}.Release|Any CPU.Build.0 = Release|Any CPU
		{481B85E3-E8DC-4E1B-B508-267272568C9F}.Debug|Any CPU.ActiveCfg = Debug|Any CPU
		{481B85E3-E8DC-4E1B-B508-267272568C9F}.Debug|Any CPU.Build.0 = Debug|Any CPU
		{481B85E3-E8DC-4E1B-B508-267272568C9F}.Release|Any CPU.ActiveCfg = Release|Any CPU
		{481B85E3-E8DC-4E1B-B508-267272568C9F}.Release|Any CPU.Build.0 = Release|Any CPU
	EndGlobalSection
	GlobalSection(SolutionProperties) = preSolution
		HideSolutionNode = FALSE
	EndGlobalSection
	GlobalSection(NestedProjects) = preSolution
		{5D8E18A6-D3BD-48ED-B685-E1473CEC5DCA} = {5C879122-77EC-4013-B34F-6B5A1EBA98DC}
		{73106E17-A279-452E-8BB7-A32B3957F7A4} = {5C879122-77EC-4013-B34F-6B5A1EBA98DC}
		{F8A4DB4B-9D05-4B3F-AF53-C7B6DAF5242D} = {3C47463E-7BE3-4127-82AF-6D78874FB9DF}
		{6552B38E-004A-4C99-835F-7E3799961505} = {BD26F39F-68B7-44AE-AB64-EA11E0A81F12}
		{5FECBA62-194D-4CE7-8EF1-81BC72F1ED33} = {BD26F39F-68B7-44AE-AB64-EA11E0A81F12}
		{547AADC5-9467-416D-BE90-A81E33DA5D7B} = {478DF238-D4C9-4166-82A1-70E602BECEF8}
		{481B85E3-E8DC-4E1B-B508-267272568C9F} = {2EBEA92E-4B9F-4F30-A68B-BEE81DA89F3C}
	EndGlobalSection
	GlobalSection(ExtensibilityGlobals) = postSolution
		SolutionGuid = {22BC60BA-FF31-4D05-A5F6-EFAD6F527A8B}
	EndGlobalSection
EndGlobal
